
Microsoft Visual Studio Solution File, Format Version 12.00
# Visual Studio Version 17
VisualStudioVersion = 17.8.34511.84
MinimumVisualStudioVersion = 10.0.40219.1
Project("{FAE04EC0-301F-11D3-BF4B-00C04F79EFBC}") = "Near", "Near\Near.csproj", "{33855F6B-6DFD-4F33-90EB-90DE911703E6}"
EndProject
Project("{FAE04EC0-301F-11D3-BF4B-00C04F79EFBC}") = "NearTest", "NearTest\NearTest.csproj", "{BD8A7FF0-7DBF-49C8-9C76-9051B9F0582A}"
EndProject
Global
	GlobalSection(SolutionConfigurationPlatforms) = preSolution
		Debug|Any CPU = Debug|Any CPU
		Release|Any CPU = Release|Any CPU
	EndGlobalSection
	GlobalSection(ProjectConfigurationPlatforms) = postSolution
		{33855F6B-6DFD-4F33-90EB-90DE911703E6}.Debug|Any CPU.ActiveCfg = Debug|Any CPU
		{33855F6B-6DFD-4F33-90EB-90DE911703E6}.Debug|Any CPU.Build.0 = Debug|Any CPU
		{33855F6B-6DFD-4F33-90EB-90DE911703E6}.Release|Any CPU.ActiveCfg = Release|Any CPU
		{33855F6B-6DFD-4F33-90EB-90DE911703E6}.Release|Any CPU.Build.0 = Release|Any CPU
		{BD8A7FF0-7DBF-49C8-9C76-9051B9F0582A}.Debug|Any CPU.ActiveCfg = Debug|Any CPU
		{BD8A7FF0-7DBF-49C8-9C76-9051B9F0582A}.Debug|Any CPU.Build.0 = Debug|Any CPU
		{BD8A7FF0-7DBF-49C8-9C76-9051B9F0582A}.Release|Any CPU.ActiveCfg = Release|Any CPU
		{BD8A7FF0-7DBF-49C8-9C76-9051B9F0582A}.Release|Any CPU.Build.0 = Release|Any CPU
	EndGlobalSection
	GlobalSection(SolutionProperties) = preSolution
		HideSolutionNode = FALSE
	EndGlobalSection
	GlobalSection(ExtensibilityGlobals) = postSolution
		SolutionGuid = {948E7C03-B8B4-4157-965C-27D091CB3725}
	EndGlobalSection
EndGlobal
